
Microsoft Visual Studio Solution File, Format Version 12.00
# Visual Studio Version 16
VisualStudioVersion = 25.0.1705.6
MinimumVisualStudioVersion = 10.0.40219.1
Project("{FAE04EC0-301F-11D3-BF4B-00C04F79EFBC}") = "MatchFixture", "MatchFixture.csproj", "{20F463E1-A71C-4C92-A4A2-C15886F9A9F8}"
EndProject
Global
	GlobalSection(SolutionConfigurationPlatforms) = preSolution
		Debug|Any CPU = Debug|Any CPU
		Release|Any CPU = Release|Any CPU
	EndGlobalSection
	GlobalSection(ProjectConfigurationPlatforms) = postSolution
		{20F463E1-A71C-4C92-A4A2-C15886F9A9F8}.Debug|Any CPU.ActiveCfg = Debug|Any CPU
		{20F463E1-A71C-4C92-A4A2-C15886F9A9F8}.Debug|Any CPU.Build.0 = Debug|Any CPU
		{20F463E1-A71C-4C92-A4A2-C15886F9A9F8}.Release|Any CPU.ActiveCfg = Release|Any CPU
		{20F463E1-A71C-4C92-A4A2-C15886F9A9F8}.Release|Any CPU.Build.0 = Release|Any CPU
	EndGlobalSection
	GlobalSection(SolutionProperties) = preSolution
		HideSolutionNode = FALSE
	EndGlobalSection
	GlobalSection(ExtensibilityGlobals) = postSolution
		SolutionGuid = {67BC7594-8E30-4838-B58F-0B5EBB5B1EE5}
	EndGlobalSection
EndGlobal
